
Microsoft Visual Studio Solution File, Format Version 12.00
# Visual Studio Version 16
VisualStudioVersion = 16.0.32510.428
MinimumVisualStudioVersion = 10.0.40219.1
Project("{FAE04EC0-301F-11D3-BF4B-00C04F79EFBC}") = "Translator", "Translator\Translator.csproj", "{AB89F41F-6609-46A6-A825-40A5A5ECB46B}"
EndProject
Global
	GlobalSection(SolutionConfigurationPlatforms) = preSolution
		Debug|Any CPU = Debug|Any CPU
		Release|Any CPU = Release|Any CPU
	EndGlobalSection
	GlobalSection(ProjectConfigurationPlatforms) = postSolution
		{AB89F41F-6609-46A6-A825-40A5A5ECB46B}.Debug|Any CPU.ActiveCfg = Debug|Any CPU
		{AB89F41F-6609-46A6-A825-40A5A5ECB46B}.Debug|Any CPU.Build.0 = Debug|Any CPU
		{AB89F41F-6609-46A6-A825-40A5A5ECB46B}.Release|Any CPU.ActiveCfg = Release|Any CPU
		{AB89F41F-6609-46A6-A825-40A5A5ECB46B}.Release|Any CPU.Build.0 = Release|Any CPU
	EndGlobalSection
	GlobalSection(SolutionProperties) = preSolution
		HideSolutionNode = FALSE
	EndGlobalSection
	GlobalSection(ExtensibilityGlobals) = postSolution
		SolutionGuid = {F6C3E1FD-B34C-4775-9863-C3F3E5587658}
	EndGlobalSection
EndGlobal
